
Microsoft Visual Studio Solution File, Format Version 12.00
# Visual Studio Version 17
VisualStudioVersion = 17.7.34024.191
MinimumVisualStudioVersion = 10.0.40219.1
Project("{F184B08F-C81C-45F6-A57F-5ABD9991F28F}") = "Shoppinig list", "Shoppinig list\Shoppinig list.vbproj", "{07189183-B25C-4F17-B5D7-38E678609F08}"
EndProject
Global
	GlobalSection(SolutionConfigurationPlatforms) = preSolution
		Debug|Any CPU = Debug|Any CPU
		Release|Any CPU = Release|Any CPU
	EndGlobalSection
	GlobalSection(ProjectConfigurationPlatforms) = postSolution
		{07189183-B25C-4F17-B5D7-38E678609F08}.Debug|Any CPU.ActiveCfg = Debug|Any CPU
		{07189183-B25C-4F17-B5D7-38E678609F08}.Debug|Any CPU.Build.0 = Debug|Any CPU
		{07189183-B25C-4F17-B5D7-38E678609F08}.Release|Any CPU.ActiveCfg = Release|Any CPU
		{07189183-B25C-4F17-B5D7-38E678609F08}.Release|Any CPU.Build.0 = Release|Any CPU
	EndGlobalSection
	GlobalSection(SolutionProperties) = preSolution
		HideSolutionNode = FALSE
	EndGlobalSection
	GlobalSection(ExtensibilityGlobals) = postSolution
		SolutionGuid = {7D3DB52F-1B84-4BDC-A0A9-000036BE003B}
	EndGlobalSection
EndGlobal
